
Microsoft Visual Studio Solution File, Format Version 12.00
# Visual Studio Version 17
VisualStudioVersion = 17.7.34003.232
MinimumVisualStudioVersion = 10.0.40219.1
Project("{8BC9CEB8-8B4A-11D0-8D11-00A0C91BC942}") = "Test", "Test\Test.vcxproj", "{D5E9C05A-FE7E-4407-88B5-48339A8EA812}"
EndProject
Project("{8BC9CEB8-8B4A-11D0-8D11-00A0C91BC942}") = "VAOVBO", "VAOVBO\VAOVBO.vcxproj", "{71379905-87CA-4F87-864F-D7654C822BA7}"
EndProject
Project("{8BC9CEB8-8B4A-11D0-8D11-00A0C91BC942}") = "EBO", "EBO\EBO.vcxproj", "{75DAABF3-49C4-4354-94DF-1C9D8674F156}"
EndProject
Project("{8BC9CEB8-8B4A-11D0-8D11-00A0C91BC942}") = "VAOARRAY", "VAOARRAY\VAOARRAY.vcxproj", "{A355E57F-5016-4766-88B8-8B5C61278283}"
EndProject
Project("{8BC9CEB8-8B4A-11D0-8D11-00A0C91BC942}") = "uniformLayout", "Shader\uniformLayout\uniformLayout.vcxproj", "{487FFAF1-CBDF-49DA-B614-85B5B7FA80FF}"
EndProject
Project("{8BC9CEB8-8B4A-11D0-8D11-00A0C91BC942}") = "shader", "Shader\Shader\shader.vcxproj", "{02A83CAB-140B-406C-8287-8D6E16683C40}"
EndProject
Project("{8BC9CEB8-8B4A-11D0-8D11-00A0C91BC942}") = "uniformLayout2", "Shader\uniformLayout2\uniformLayout2.vcxproj", "{0BCC80D8-177C-41CF-B72D-3F167FAB0493}"
EndProject
Project("{8BC9CEB8-8B4A-11D0-8D11-00A0C91BC942}") = "Shader_FZ", "Shader\Shader_FZ\Shader_FZ.vcxproj", "{9F5D797E-7112-4250-BECD-AB91AC4EF60A}"
EndProject
Project("{8BC9CEB8-8B4A-11D0-8D11-00A0C91BC942}") = "Shader_LX", "Shader\Shader_LX\Shader_LX.vcxproj", "{364F0180-CD40-457F-AAA6-B9FCAFCE5B6F}"
EndProject
Project("{8BC9CEB8-8B4A-11D0-8D11-00A0C91BC942}") = "Texture_CY", "04Texture\Texture_CY\Texture_CY.vcxproj", "{1733DCEB-BFF3-42FA-9131-979117DEF271}"
EndProject
Project("{8BC9CEB8-8B4A-11D0-8D11-00A0C91BC942}") = "Texture_WLGL", "04Texture\Texture_WLGL\Texture_WLGL.vcxproj", "{85E487FC-C88B-417F-8665-0CDB502C9AE5}"
EndProject
Project("{8BC9CEB8-8B4A-11D0-8D11-00A0C91BC942}") = "Texture_LX", "04Texture\Texture_LX\Texture_LX.vcxproj", "{FD4F5B05-0EBC-4A2A-B67F-7EDD642D468A}"
EndProject
Project("{8BC9CEB8-8B4A-11D0-8D11-00A0C91BC942}") = "Vary", "05vary\Vary.vcxproj", "{61C963B9-8856-4F98-91CD-34952C7D84ED}"
EndProject
Global
	GlobalSection(SolutionConfigurationPlatforms) = preSolution
		Debug|x64 = Debug|x64
		Debug|x86 = Debug|x86
		Release|x64 = Release|x64
		Release|x86 = Release|x86
	EndGlobalSection
	GlobalSection(ProjectConfigurationPlatforms) = postSolution
		{D5E9C05A-FE7E-4407-88B5-48339A8EA812}.Debug|x64.ActiveCfg = Debug|x64
		{D5E9C05A-FE7E-4407-88B5-48339A8EA812}.Debug|x64.Build.0 = Debug|x64
		{D5E9C05A-FE7E-4407-88B5-48339A8EA812}.Debug|x86.ActiveCfg = Debug|Win32
		{D5E9C05A-FE7E-4407-88B5-48339A8EA812}.Debug|x86.Build.0 = Debug|Win32
		{D5E9C05A-FE7E-4407-88B5-48339A8EA812}.Release|x64.ActiveCfg = Release|x64
		{D5E9C05A-FE7E-4407-88B5-48339A8EA812}.Release|x64.Build.0 = Release|x64
		{D5E9C05A-FE7E-4407-88B5-48339A8EA812}.Release|x86.ActiveCfg = Release|Win32
		{D5E9C05A-FE7E-4407-88B5-48339A8EA812}.Release|x86.Build.0 = Release|Win32
		{71379905-87CA-4F87-864F-D7654C822BA7}.Debug|x64.ActiveCfg = Debug|x64
		{71379905-87CA-4F87-864F-D7654C822BA7}.Debug|x64.Build.0 = Debug|x64
		{71379905-87CA-4F87-864F-D7654C822BA7}.Debug|x86.ActiveCfg = Debug|Win32
		{71379905-87CA-4F87-864F-D7654C822BA7}.Debug|x86.Build.0 = Debug|Win32
		{71379905-87CA-4F87-864F-D7654C822BA7}.Release|x64.ActiveCfg = Release|x64
		{71379905-87CA-4F87-864F-D7654C822BA7}.Release|x64.Build.0 = Release|x64
		{71379905-87CA-4F87-864F-D7654C822BA7}.Release|x86.ActiveCfg = Release|Win32
		{71379905-87CA-4F87-864F-D7654C822BA7}.Release|x86.Build.0 = Release|Win32
		{75DAABF3-49C4-4354-94DF-1C9D8674F156}.Debug|x64.ActiveCfg = Debug|x64
		{75DAABF3-49C4-4354-94DF-1C9D8674F156}.Debug|x64.Build.0 = Debug|x64
		{75DAABF3-49C4-4354-94DF-1C9D8674F156}.Debug|x86.ActiveCfg = Debug|Win32
		{75DAABF3-49C4-4354-94DF-1C9D8674F156}.Debug|x86.Build.0 = Debug|Win32
		{75DAABF3-49C4-4354-94DF-1C9D8674F156}.Release|x64.ActiveCfg = Release|x64
		{75DAABF3-49C4-4354-94DF-1C9D8674F156}.Release|x64.Build.0 = Release|x64
		{75DAABF3-49C4-4354-94DF-1C9D8674F156}.Release|x86.ActiveCfg = Release|Win32
		{75DAABF3-49C4-4354-94DF-1C9D8674F156}.Release|x86.Build.0 = Release|Win32
		{A355E57F-5016-4766-88B8-8B5C61278283}.Debug|x64.ActiveCfg = Debug|x64
		{A355E57F-5016-4766-88B8-8B5C61278283}.Debug|x64.Build.0 = Debug|x64
		{A355E57F-5016-4766-88B8-8B5C61278283}.Debug|x86.ActiveCfg = Debug|Win32
		{A355E57F-5016-4766-88B8-8B5C61278283}.Debug|x86.Build.0 = Debug|Win32
		{A355E57F-5016-4766-88B8-8B5C61278283}.Release|x64.ActiveCfg = Release|x64
		{A355E57F-5016-4766-88B8-8B5C61278283}.Release|x64.Build.0 = Release|x64
		{A355E57F-5016-4766-88B8-8B5C61278283}.Release|x86.ActiveCfg = Release|Win32
		{A355E57F-5016-4766-88B8-8B5C61278283}.Release|x86.Build.0 = Release|Win32
		{487FFAF1-CBDF-49DA-B614-85B5B7FA80FF}.Debug|x64.ActiveCfg = Debug|x64
		{487FFAF1-CBDF-49DA-B614-85B5B7FA80FF}.Debug|x64.Build.0 = Debug|x64
		{487FFAF1-CBDF-49DA-B614-85B5B7FA80FF}.Debug|x86.ActiveCfg = Debug|Win32
		{487FFAF1-CBDF-49DA-B614-85B5B7FA80FF}.Debug|x86.Build.0 = Debug|Win32
		{487FFAF1-CBDF-49DA-B614-85B5B7FA80FF}.Release|x64.ActiveCfg = Release|x64
		{487FFAF1-CBDF-49DA-B614-85B5B7FA80FF}.Release|x64.Build.0 = Release|x64
		{487FFAF1-CBDF-49DA-B614-85B5B7FA80FF}.Release|x86.ActiveCfg = Release|Win32
		{487FFAF1-CBDF-49DA-B614-85B5B7FA80FF}.Release|x86.Build.0 = Release|Win32
		{02A83CAB-140B-406C-8287-8D6E16683C40}.Debug|x64.ActiveCfg = Debug|x64
		{02A83CAB-140B-406C-8287-8D6E16683C40}.Debug|x64.Build.0 = Debug|x64
		{02A83CAB-140B-406C-8287-8D6E16683C40}.Debug|x86.ActiveCfg = Debug|Win32
		{02A83CAB-140B-406C-8287-8D6E16683C40}.Debug|x86.Build.0 = Debug|Win32
		{02A83CAB-140B-406C-8287-8D6E16683C40}.Release|x64.ActiveCfg = Release|x64
		{02A83CAB-140B-406C-8287-8D6E16683C40}.Release|x64.Build.0 = Release|x64
		{02A83CAB-140B-406C-8287-8D6E16683C40}.Release|x86.ActiveCfg = Release|Win32
		{02A83CAB-140B-406C-8287-8D6E16683C40}.Release|x86.Build.0 = Release|Win32
		{0BCC80D8-177C-41CF-B72D-3F167FAB0493}.Debug|x64.ActiveCfg = Debug|x64
		{0BCC80D8-177C-41CF-B72D-3F167FAB0493}.Debug|x64.Build.0 = Debug|x64
		{0BCC80D8-177C-41CF-B72D-3F167FAB0493}.Debug|x86.ActiveCfg = Debug|Win32
		{0BCC80D8-177C-41CF-B72D-3F167FAB0493}.Debug|x86.Build.0 = Debug|Win32
		{0BCC80D8-177C-41CF-B72D-3F167FAB0493}.Release|x64.ActiveCfg = Release|x64
		{0BCC80D8-177C-41CF-B72D-3F167FAB0493}.Release|x64.Build.0 = Release|x64
		{0BCC80D8-177C-41CF-B72D-3F167FAB0493}.Release|x86.ActiveCfg = Release|Win32
		{0BCC80D8-177C-41CF-B72D-3F167FAB0493}.Release|x86.Build.0 = Release|Win32
		{9F5D797E-7112-4250-BECD-AB91AC4EF60A}.Debug|x64.ActiveCfg = Debug|x64
		{9F5D797E-7112-4250-BECD-AB91AC4EF60A}.Debug|x64.Build.0 = Debug|x64
		{9F5D797E-7112-4250-BECD-AB91AC4EF60A}.Debug|x86.ActiveCfg = Debug|Win32
		{9F5D797E-7112-4250-BECD-AB91AC4EF60A}.Debug|x86.Build.0 = Debug|Win32
		{9F5D797E-7112-4250-BECD-AB91AC4EF60A}.Release|x64.ActiveCfg = Release|x64
		{9F5D797E-7112-4250-BECD-AB91AC4EF60A}.Release|x64.Build.0 = Release|x64
		{9F5D797E-7112-4250-BECD-AB91AC4EF60A}.Release|x86.ActiveCfg = Release|Win32
		{9F5D797E-7112-4250-BECD-AB91AC4EF60A}.Release|x86.Build.0 = Release|Win32
		{364F0180-CD40-457F-AAA6-B9FCAFCE5B6F}.Debug|x64.ActiveCfg = Debug|x64
		{364F0180-CD40-457F-AAA6-B9FCAFCE5B6F}.Debug|x64.Build.0 = Debug|x64
		{364F0180-CD40-457F-AAA6-B9FCAFCE5B6F}.Debug|x86.ActiveCfg = Debug|Win32
		{364F0180-CD40-457F-AAA6-B9FCAFCE5B6F}.Debug|x86.Build.0 = Debug|Win32
		{364F0180-CD40-457F-AAA6-B9FCAFCE5B6F}.Release|x64.ActiveCfg = Release|x64
		{364F0180-CD40-457F-AAA6-B9FCAFCE5B6F}.Release|x64.Build.0 = Release|x64
		{364F0180-CD40-457F-AAA6-B9FCAFCE5B6F}.Release|x86.ActiveCfg = Release|Win32
		{364F0180-CD40-457F-AAA6-B9FCAFCE5B6F}.Release|x86.Build.0 = Release|Win32
		{1733DCEB-BFF3-42FA-9131-979117DEF271}.Debug|x64.ActiveCfg = Debug|x64
		{1733DCEB-BFF3-42FA-9131-979117DEF271}.Debug|x64.Build.0 = Debug|x64
		{1733DCEB-BFF3-42FA-9131-979117DEF271}.Debug|x86.ActiveCfg = Debug|Win32
		{1733DCEB-BFF3-42FA-9131-979117DEF271}.Debug|x86.Build.0 = Debug|Win32
		{1733DCEB-BFF3-42FA-9131-979117DEF271}.Release|x64.ActiveCfg = Release|x64
		{1733DCEB-BFF3-42FA-9131-979117DEF271}.Release|x64.Build.0 = Release|x64
		{1733DCEB-BFF3-42FA-9131-979117DEF271}.Release|x86.ActiveCfg = Release|Win32
		{1733DCEB-BFF3-42FA-9131-979117DEF271}.Release|x86.Build.0 = Release|Win32
		{85E487FC-C88B-417F-8665-0CDB502C9AE5}.Debug|x64.ActiveCfg = Debug|x64
		{85E487FC-C88B-417F-8665-0CDB502C9AE5}.Debug|x64.Build.0 = Debug|x64
		{85E487FC-C88B-417F-8665-0CDB502C9AE5}.Debug|x86.ActiveCfg = Debug|Win32
		{85E487FC-C88B-417F-8665-0CDB502C9AE5}.Debug|x86.Build.0 = Debug|Win32
		{85E487FC-C88B-417F-8665-0CDB502C9AE5}.Release|x64.ActiveCfg = Release|x64
		{85E487FC-C88B-417F-8665-0CDB502C9AE5}.Release|x64.Build.0 = Release|x64
		{85E487FC-C88B-417F-8665-0CDB502C9AE5}.Release|x86.ActiveCfg = Release|Win32
		{85E487FC-C88B-417F-8665-0CDB502C9AE5}.Release|x86.Build.0 = Release|Win32
		{FD4F5B05-0EBC-4A2A-B67F-7EDD642D468A}.Debug|x64.ActiveCfg = Debug|x64
		{FD4F5B05-0EBC-4A2A-B67F-7EDD642D468A}.Debug|x64.Build.0 = Debug|x64
		{FD4F5B05-0EBC-4A2A-B67F-7EDD642D468A}.Debug|x86.ActiveCfg = Debug|Win32
		{FD4F5B05-0EBC-4A2A-B67F-7EDD642D468A}.Debug|x86.Build.0 = Debug|Win32
		{FD4F5B05-0EBC-4A2A-B67F-7EDD642D468A}.Release|x64.ActiveCfg = Release|x64
		{FD4F5B05-0EBC-4A2A-B67F-7EDD642D468A}.Release|x64.Build.0 = Release|x64
		{FD4F5B05-0EBC-4A2A-B67F-7EDD642D468A}.Release|x86.ActiveCfg = Release|Win32
		{FD4F5B05-0EBC-4A2A-B67F-7EDD642D468A}.Release|x86.Build.0 = Release|Win32
		{61C963B9-8856-4F98-91CD-34952C7D84ED}.Debug|x64.ActiveCfg = Debug|x64
		{61C963B9-8856-4F98-91CD-34952C7D84ED}.Debug|x64.Build.0 = Debug|x64
		{61C963B9-8856-4F98-91CD-34952C7D84ED}.Debug|x86.ActiveCfg = Debug|Win32
		{61C963B9-8856-4F98-91CD-34952C7D84ED}.Debug|x86.Build.0 = Debug|Win32
		{61C963B9-8856-4F98-91CD-34952C7D84ED}.Release|x64.ActiveCfg = Release|x64
		{61C963B9-8856-4F98-91CD-34952C7D84ED}.Release|x64.Build.0 = Release|x64
		{61C963B9-8856-4F98-91CD-34952C7D84ED}.Release|x86.ActiveCfg = Release|Win32
		{61C963B9-8856-4F98-91CD-34952C7D84ED}.Release|x86.Build.0 = Release|Win32
	EndGlobalSection
	GlobalSection(SolutionProperties) = preSolution
		HideSolutionNode = FALSE
	EndGlobalSection
	GlobalSection(ExtensibilityGlobals) = postSolution
		SolutionGuid = {C7339D35-1976-48BC-84B4-FF055C2FF4FD}
	EndGlobalSection
EndGlobal
