
Microsoft Visual Studio Solution File, Format Version 12.00
# Visual Studio Version 17
VisualStudioVersion = 17.8.34511.84
MinimumVisualStudioVersion = 10.0.40219.1
Project("{8BC9CEB8-8B4A-11D0-8D11-00A0C91BC942}") = "h264_decode", "h264_decode.vcxproj", "{63B355B6-CA7B-3219-AB30-B48C3B34247B}"
EndProject
Global
	GlobalSection(SolutionConfigurationPlatforms) = preSolution
		Debug|x64 = Debug|x64
		Release|x64 = Release|x64
	EndGlobalSection
	GlobalSection(ProjectConfigurationPlatforms) = postSolution
		{63B355B6-CA7B-3219-AB30-B48C3B34247B}.Debug|x64.ActiveCfg = Debug|x64
		{63B355B6-CA7B-3219-AB30-B48C3B34247B}.Debug|x64.Build.0 = Debug|x64
		{63B355B6-CA7B-3219-AB30-B48C3B34247B}.Release|x64.ActiveCfg = Release|x64
		{63B355B6-CA7B-3219-AB30-B48C3B34247B}.Release|x64.Build.0 = Release|x64
	EndGlobalSection
	GlobalSection(SolutionProperties) = preSolution
		HideSolutionNode = FALSE
	EndGlobalSection
	GlobalSection(ExtensibilityGlobals) = postSolution
		SolutionGuid = {5075A46A-2C86-4404-B13D-E520B32815D6}
	EndGlobalSection
EndGlobal
